
Microsoft Visual Studio Solution File, Format Version 12.00
# Visual Studio Version 16
VisualStudioVersion = 16.0.31025.194
MinimumVisualStudioVersion = 10.0.40219.1
Project("{FAE04EC0-301F-11D3-BF4B-00C04F79EFBC}") = "pract1", "pract1\pract1.csproj", "{5E2048A6-F8D4-471C-BE1D-7B6E5E11C872}"
EndProject
Global
	GlobalSection(SolutionConfigurationPlatforms) = preSolution
		Debug|Any CPU = Debug|Any CPU
		Release|Any CPU = Release|Any CPU
	EndGlobalSection
	GlobalSection(ProjectConfigurationPlatforms) = postSolution
		{5E2048A6-F8D4-471C-BE1D-7B6E5E11C872}.Debug|Any CPU.ActiveCfg = Debug|Any CPU
		{5E2048A6-F8D4-471C-BE1D-7B6E5E11C872}.Debug|Any CPU.Build.0 = Debug|Any CPU
		{5E2048A6-F8D4-471C-BE1D-7B6E5E11C872}.Release|Any CPU.ActiveCfg = Release|Any CPU
		{5E2048A6-F8D4-471C-BE1D-7B6E5E11C872}.Release|Any CPU.Build.0 = Release|Any CPU
	EndGlobalSection
	GlobalSection(SolutionProperties) = preSolution
		HideSolutionNode = FALSE
	EndGlobalSection
	GlobalSection(ExtensibilityGlobals) = postSolution
		SolutionGuid = {7EACD463-7C46-4287-ACBD-B1426BE53CB8}
	EndGlobalSection
EndGlobal
